# This file is generated by running "yarn install" inside your project.
# Manual changes might be lost - proceed with caution!

__metadata:
  version: 6
  cacheKey: 8

"@cspotcode/source-map-support@npm:^0.8.0":
  version: 0.8.1
  resolution: "@cspotcode/source-map-support@npm:0.8.1"
  dependencies:
    "@jridgewell/trace-mapping": 0.3.9
  checksum: 5718f267085ed8edb3e7ef210137241775e607ee18b77d95aa5bd7514f47f5019aa2d82d96b3bf342ef7aa890a346fa1044532ff7cc3009e7d24fce3ce6200fa
  languageName: node
  linkType: hard

"@jridgewell/resolve-uri@npm:^3.0.3":
  version: 3.1.1
  resolution: "@jridgewell/resolve-uri@npm:3.1.1"
  checksum: f5b441fe7900eab4f9155b3b93f9800a916257f4e8563afbcd3b5a5337b55e52bd8ae6735453b1b745457d9f6cdb16d74cd6220bbdd98cf153239e13f6cbb653
  languageName: node
  linkType: hard

"@jridgewell/sourcemap-codec@npm:^1.4.10":
  version: 1.4.15
  resolution: "@jridgewell/sourcemap-codec@npm:1.4.15"
  checksum: b881c7e503db3fc7f3c1f35a1dd2655a188cc51a3612d76efc8a6eb74728bef5606e6758ee77423e564092b4a518aba569bbb21c9bac5ab7a35b0c6ae7e344c8
  languageName: node
  linkType: hard

"@jridgewell/trace-mapping@npm:0.3.9":
  version: 0.3.9
  resolution: "@jridgewell/trace-mapping@npm:0.3.9"
  dependencies:
    "@jridgewell/resolve-uri": ^3.0.3
    "@jridgewell/sourcemap-codec": ^1.4.10
  checksum: d89597752fd88d3f3480845691a05a44bd21faac18e2185b6f436c3b0fd0c5a859fbbd9aaa92050c4052caf325ad3e10e2e1d1b64327517471b7d51babc0ddef
  languageName: node
  linkType: hard

"@noble/curves@npm:1.1.0":
  version: 1.1.0
  resolution: "@noble/curves@npm:1.1.0"
  dependencies:
    "@noble/hashes": 1.3.1
  checksum: 2658cdd3f84f71079b4e3516c47559d22cf4b55c23ac8ee9d2b1f8e5b72916d9689e59820e0f9d9cb4a46a8423af5b56dc6bb7782405c88be06a015180508db5
  languageName: node
  linkType: hard

"@noble/hashes@npm:1.3.1":
  version: 1.3.1
  resolution: "@noble/hashes@npm:1.3.1"
  checksum: 7fdefc0f7a0c1ec27acc6ff88841793e3f93ec4ce6b8a6a12bfc0dd70ae6b7c4c82fe305fdfeda1735d5ad4a9eebe761e6693b3d355689c559e91242f4bc95b1
  languageName: node
  linkType: hard

"@polkadot/api-augment@npm:10.9.1":
  version: 10.9.1
  resolution: "@polkadot/api-augment@npm:10.9.1"
  dependencies:
    "@polkadot/api-base": 10.9.1
    "@polkadot/rpc-augment": 10.9.1
    "@polkadot/types": 10.9.1
    "@polkadot/types-augment": 10.9.1
    "@polkadot/types-codec": 10.9.1
    "@polkadot/util": ^12.3.1
    tslib: ^2.5.3
  checksum: b0aeed5ebf640c58a252a29a33f12d4c39d0dcdf10b875501012c3b4b05955ed8be85efbf75e17ad237a561e1171821979ffdddf7e6a64cb0806badb2752c190
  languageName: node
  linkType: hard

"@polkadot/api-base@npm:10.9.1":
  version: 10.9.1
  resolution: "@polkadot/api-base@npm:10.9.1"
  dependencies:
    "@polkadot/rpc-core": 10.9.1
    "@polkadot/types": 10.9.1
    "@polkadot/util": ^12.3.1
    rxjs: ^7.8.1
    tslib: ^2.5.3
  checksum: a761f4ade747a295c16b7e6f24c1bb93e1736aa7fa9f1cb3c651c84d02a99cc62658e83326fa339882423966a55bf0046b74a69a1a4e4567c8d6c1c4db4eb306
  languageName: node
  linkType: hard

"@polkadot/api-derive@npm:10.9.1":
  version: 10.9.1
  resolution: "@polkadot/api-derive@npm:10.9.1"
  dependencies:
    "@polkadot/api": 10.9.1
    "@polkadot/api-augment": 10.9.1
    "@polkadot/api-base": 10.9.1
    "@polkadot/rpc-core": 10.9.1
    "@polkadot/types": 10.9.1
    "@polkadot/types-codec": 10.9.1
    "@polkadot/util": ^12.3.1
    "@polkadot/util-crypto": ^12.3.1
    rxjs: ^7.8.1
    tslib: ^2.5.3
  checksum: 072a43bcc55787beb6c29afe0f011c03cdde3a9b6ac38d972d0b13ff93a1e14198d769a926edfd324c3947735dd8c8fcb7a61629409322230fd8559e7c17a1d7
  languageName: node
  linkType: hard

"@polkadot/api@npm:10.9.1, @polkadot/api@npm:^10.9.1":
  version: 10.9.1
  resolution: "@polkadot/api@npm:10.9.1"
  dependencies:
    "@polkadot/api-augment": 10.9.1
    "@polkadot/api-base": 10.9.1
    "@polkadot/api-derive": 10.9.1
    "@polkadot/keyring": ^12.3.1
    "@polkadot/rpc-augment": 10.9.1
    "@polkadot/rpc-core": 10.9.1
    "@polkadot/rpc-provider": 10.9.1
    "@polkadot/types": 10.9.1
    "@polkadot/types-augment": 10.9.1
    "@polkadot/types-codec": 10.9.1
    "@polkadot/types-create": 10.9.1
    "@polkadot/types-known": 10.9.1
    "@polkadot/util": ^12.3.1
    "@polkadot/util-crypto": ^12.3.1
    eventemitter3: ^5.0.1
    rxjs: ^7.8.1
    tslib: ^2.5.3
  checksum: 6b37d9bacf0599bb7c385ddefca929547299a6f1d242ce3215f8480672297c81ec30c251bc9aac3889c5956bd9ef3918d69364819861eec308f4aa347c08110d
  languageName: node
  linkType: hard

"@polkadot/keyring@npm:^12.3.1":
  version: 12.4.2
  resolution: "@polkadot/keyring@npm:12.4.2"
  dependencies:
    "@polkadot/util": 12.4.2
    "@polkadot/util-crypto": 12.4.2
    tslib: ^2.6.2
  peerDependencies:
    "@polkadot/util": 12.4.2
    "@polkadot/util-crypto": 12.4.2
  checksum: 51d0b23f0973efa781566b1a0dece7a346b0cbacc52b6fb57b474bc87aa03900377cf2aa227d86769db91c97f3d43f555a676f4446df464d588186afa7f3b8fe
  languageName: node
  linkType: hard

"@polkadot/networks@npm:12.4.2, @polkadot/networks@npm:^12.3.1":
  version: 12.4.2
  resolution: "@polkadot/networks@npm:12.4.2"
  dependencies:
    "@polkadot/util": 12.4.2
    "@substrate/ss58-registry": ^1.43.0
    tslib: ^2.6.2
  checksum: 43a98414d9a540d3358b5ce69908bce4d07f32592edd52eef66c705705e4571aa55fff8442b7287986b052d328af3af08170c3a70848ebf1e9128a3f27c2571f
  languageName: node
  linkType: hard

"@polkadot/rpc-augment@npm:10.9.1":
  version: 10.9.1
  resolution: "@polkadot/rpc-augment@npm:10.9.1"
  dependencies:
    "@polkadot/rpc-core": 10.9.1
    "@polkadot/types": 10.9.1
    "@polkadot/types-codec": 10.9.1
    "@polkadot/util": ^12.3.1
    tslib: ^2.5.3
  checksum: 4f7b090be6d88ef6a56679a80da856bf007994e2142e16fbac6030132789b5a2411421650935ed4b18334afca399edfc0387135731836c6d9f8420acf510f11b
  languageName: node
  linkType: hard

"@polkadot/rpc-core@npm:10.9.1":
  version: 10.9.1
  resolution: "@polkadot/rpc-core@npm:10.9.1"
  dependencies:
    "@polkadot/rpc-augment": 10.9.1
    "@polkadot/rpc-provider": 10.9.1
    "@polkadot/types": 10.9.1
    "@polkadot/util": ^12.3.1
    rxjs: ^7.8.1
    tslib: ^2.5.3
  checksum: 538a207f5d321b4b18b0580da438598dd78e496dbc7069a776abcc39ede36903981ba2b9897eea73ecfe2f48a4d0cbd5b5cd738b3184f5c333709e6f4603f22a
  languageName: node
  linkType: hard

"@polkadot/rpc-provider@npm:10.9.1":
  version: 10.9.1
  resolution: "@polkadot/rpc-provider@npm:10.9.1"
  dependencies:
    "@polkadot/keyring": ^12.3.1
    "@polkadot/types": 10.9.1
    "@polkadot/types-support": 10.9.1
    "@polkadot/util": ^12.3.1
    "@polkadot/util-crypto": ^12.3.1
    "@polkadot/x-fetch": ^12.3.1
    "@polkadot/x-global": ^12.3.1
    "@polkadot/x-ws": ^12.3.1
    "@substrate/connect": 0.7.26
    eventemitter3: ^5.0.1
    mock-socket: ^9.2.1
    nock: ^13.3.1
    tslib: ^2.5.3
  dependenciesMeta:
    "@substrate/connect":
      optional: true
  checksum: 4521ba64a1e69ed323910796a4598755e8101704aae3be33b6c363be4ebb9ea1a99ced17b8cd9fa3ab15abf5900e1055279f532f47b8472e8a143a299bfa046d
  languageName: node
  linkType: hard

"@polkadot/typegen@npm:^10.9.1":
  version: 10.9.1
  resolution: "@polkadot/typegen@npm:10.9.1"
  dependencies:
    "@polkadot/api": 10.9.1
    "@polkadot/api-augment": 10.9.1
    "@polkadot/rpc-augment": 10.9.1
    "@polkadot/rpc-provider": 10.9.1
    "@polkadot/types": 10.9.1
    "@polkadot/types-augment": 10.9.1
    "@polkadot/types-codec": 10.9.1
    "@polkadot/types-create": 10.9.1
    "@polkadot/types-support": 10.9.1
    "@polkadot/util": ^12.3.1
    "@polkadot/util-crypto": ^12.3.1
    "@polkadot/x-ws": ^12.3.1
    handlebars: ^4.7.7
    tslib: ^2.5.3
    yargs: ^17.7.2
  bin:
    polkadot-types-chain-info: scripts/polkadot-types-chain-info.mjs
    polkadot-types-from-chain: scripts/polkadot-types-from-chain.mjs
    polkadot-types-from-defs: scripts/polkadot-types-from-defs.mjs
    polkadot-types-internal-interfaces: scripts/polkadot-types-internal-interfaces.mjs
    polkadot-types-internal-metadata: scripts/polkadot-types-internal-metadata.mjs
  checksum: e45e8cbf8a4361e8e5e271597fb2337664e537012d3c2d30b59a75d6932b41ee0a4301abfcdaacbcf7f8371acc6a48faa0c1a6a15e679783697a04ddcc228ca8
  languageName: node
  linkType: hard

"@polkadot/types-augment@npm:10.9.1":
  version: 10.9.1
  resolution: "@polkadot/types-augment@npm:10.9.1"
  dependencies:
    "@polkadot/types": 10.9.1
    "@polkadot/types-codec": 10.9.1
    "@polkadot/util": ^12.3.1
    tslib: ^2.5.3
  checksum: d643f83ab0a9498267037d95b878fa4e3b0087882195c3bd609038e8c934a092d9c82f7164ac97989305805aabe0d9186736c50a372498c81c22b3d7f4cfcccb
  languageName: node
  linkType: hard

"@polkadot/types-codec@npm:10.9.1":
  version: 10.9.1
  resolution: "@polkadot/types-codec@npm:10.9.1"
  dependencies:
    "@polkadot/util": ^12.3.1
    "@polkadot/x-bigint": ^12.3.1
    tslib: ^2.5.3
  checksum: ac11b770fa4328f55daf6dd78fc8fc4d6906fb0d4b2bf92eaece58332c74f2b178d598a310a6dd068c72856acefddf5f7d23cac56991fa12f61d6853fb73d582
  languageName: node
  linkType: hard

"@polkadot/types-create@npm:10.9.1":
  version: 10.9.1
  resolution: "@polkadot/types-create@npm:10.9.1"
  dependencies:
    "@polkadot/types-codec": 10.9.1
    "@polkadot/util": ^12.3.1
    tslib: ^2.5.3
  checksum: 43f8fbd70a7891d6b49f1edb00b4a918c21924f2c1e44eb81ef7c9327e1fcc7eac65dbc2a9d0e3ba49079fdddda5498115e47f5fd99ec2a91f79c7f305bf553a
  languageName: node
  linkType: hard

"@polkadot/types-known@npm:10.9.1":
  version: 10.9.1
  resolution: "@polkadot/types-known@npm:10.9.1"
  dependencies:
    "@polkadot/networks": ^12.3.1
    "@polkadot/types": 10.9.1
    "@polkadot/types-codec": 10.9.1
    "@polkadot/types-create": 10.9.1
    "@polkadot/util": ^12.3.1
    tslib: ^2.5.3
  checksum: 8a3dd0dead1759112b9011c5ff47bf9fa0f5a00d0d5cba841d724494a9434a2f565fad8ab654ae8cc3949a10c28f3966034bfc23e493b7cc373d3532de508953
  languageName: node
  linkType: hard

"@polkadot/types-support@npm:10.9.1":
  version: 10.9.1
  resolution: "@polkadot/types-support@npm:10.9.1"
  dependencies:
    "@polkadot/util": ^12.3.1
    tslib: ^2.5.3
  checksum: f5df33f215f529c33d4fd7ad7d6877a4567954488971c2986da416b6578ccb6d5c6eeadab4602abe0e3ce17373cdd6de0ce6f09529852b6e2fd6bc28b9183f9b
  languageName: node
  linkType: hard

"@polkadot/types@npm:10.9.1":
  version: 10.9.1
  resolution: "@polkadot/types@npm:10.9.1"
  dependencies:
    "@polkadot/keyring": ^12.3.1
    "@polkadot/types-augment": 10.9.1
    "@polkadot/types-codec": 10.9.1
    "@polkadot/types-create": 10.9.1
    "@polkadot/util": ^12.3.1
    "@polkadot/util-crypto": ^12.3.1
    rxjs: ^7.8.1
    tslib: ^2.5.3
  checksum: c9b0873b52f33c5d7913bc1e474c67d797411ac592c10af987dfecfee7480aeda02b9fc100ff506bc8af704a7fc239162a8ec7eec580e2e7a62ac7f7b95f3900
  languageName: node
  linkType: hard

"@polkadot/util-crypto@npm:12.4.2, @polkadot/util-crypto@npm:^12.3.1":
  version: 12.4.2
  resolution: "@polkadot/util-crypto@npm:12.4.2"
  dependencies:
    "@noble/curves": 1.1.0
    "@noble/hashes": 1.3.1
    "@polkadot/networks": 12.4.2
    "@polkadot/util": 12.4.2
    "@polkadot/wasm-crypto": ^7.2.2
    "@polkadot/wasm-util": ^7.2.2
    "@polkadot/x-bigint": 12.4.2
    "@polkadot/x-randomvalues": 12.4.2
    "@scure/base": 1.1.1
    tslib: ^2.6.2
  peerDependencies:
    "@polkadot/util": 12.4.2
  checksum: fbb2ba94d5369db98e19e94aa6c21d17af4018c65a670d49c6fa1d0ef1e8ee7f5cf76267c072400e16b9c8251a78031f2b25e86808ef6b0a4f028b0c1d6a02ee
  languageName: node
  linkType: hard

"@polkadot/util@npm:12.4.2, @polkadot/util@npm:^12.3.1":
  version: 12.4.2
  resolution: "@polkadot/util@npm:12.4.2"
  dependencies:
    "@polkadot/x-bigint": 12.4.2
    "@polkadot/x-global": 12.4.2
    "@polkadot/x-textdecoder": 12.4.2
    "@polkadot/x-textencoder": 12.4.2
    "@types/bn.js": ^5.1.1
    bn.js: ^5.2.1
    tslib: ^2.6.2
  checksum: 0814f02b4f78a07bf67f53616114dfd99a89c9fdad4b39645784caee86d100a5ce1705ef3947ef9f41673125988faad0dc3d8fa8fceef34ec71af3834290580d
  languageName: node
  linkType: hard

"@polkadot/wasm-bridge@npm:7.2.2":
  version: 7.2.2
  resolution: "@polkadot/wasm-bridge@npm:7.2.2"
  dependencies:
    "@polkadot/wasm-util": 7.2.2
    tslib: ^2.6.1
  peerDependencies:
    "@polkadot/util": "*"
    "@polkadot/x-randomvalues": "*"
  checksum: b998b21bca963699c2958de0558bad83d19ca72922b7ca74beb99b8c418bdc4be7af86f7ea231b3224de55eb8ec59e0626642d393fc90192659cccaf346d5d2b
  languageName: node
  linkType: hard

"@polkadot/wasm-crypto-asmjs@npm:7.2.2":
  version: 7.2.2
  resolution: "@polkadot/wasm-crypto-asmjs@npm:7.2.2"
  dependencies:
    tslib: ^2.6.1
  peerDependencies:
    "@polkadot/util": "*"
  checksum: 2eba52949b51adfa1e8183d406f40b935cdea1a3189994529febd9db4f1abf5f853782e2c15dad7ab0f2dd8641b3dbf40b221c0462b6a29ac11c38e8a70a8a5b
  languageName: node
  linkType: hard

"@polkadot/wasm-crypto-init@npm:7.2.2":
  version: 7.2.2
  resolution: "@polkadot/wasm-crypto-init@npm:7.2.2"
  dependencies:
    "@polkadot/wasm-bridge": 7.2.2
    "@polkadot/wasm-crypto-asmjs": 7.2.2
    "@polkadot/wasm-crypto-wasm": 7.2.2
    "@polkadot/wasm-util": 7.2.2
    tslib: ^2.6.1
  peerDependencies:
    "@polkadot/util": "*"
    "@polkadot/x-randomvalues": "*"
  checksum: 75e4cc6cfecef13942397c0b0cbcd2ebf8534589b0a22104df6352908efbdc78e6fa42df3ce1660c1b267c8b7c40667a42c0d986a7a3bc4a2b9ea17ba97608af
  languageName: node
  linkType: hard

"@polkadot/wasm-crypto-wasm@npm:7.2.2":
  version: 7.2.2
  resolution: "@polkadot/wasm-crypto-wasm@npm:7.2.2"
  dependencies:
    "@polkadot/wasm-util": 7.2.2
    tslib: ^2.6.1
  peerDependencies:
    "@polkadot/util": "*"
  checksum: e3d0aeb59fb7e5d3d25a256ed57c4e05895e9d7e29cb22214d9b59ff6e400f25b0c5758f77a0513befd99ef33051b43bbff3d1def978e87668aa74f3f8799c0b
  languageName: node
  linkType: hard

"@polkadot/wasm-crypto@npm:^7.2.2":
  version: 7.2.2
  resolution: "@polkadot/wasm-crypto@npm:7.2.2"
  dependencies:
    "@polkadot/wasm-bridge": 7.2.2
    "@polkadot/wasm-crypto-asmjs": 7.2.2
    "@polkadot/wasm-crypto-init": 7.2.2
    "@polkadot/wasm-crypto-wasm": 7.2.2
    "@polkadot/wasm-util": 7.2.2
    tslib: ^2.6.1
  peerDependencies:
    "@polkadot/util": "*"
    "@polkadot/x-randomvalues": "*"
  checksum: 25710154c1a25aea59a8cdba4cfe051249e83b86cbc0869be7b0680c86f2841131f7df76881d422fb4d179b9037320957e725bc50546e63273bc11b85751b5a6
  languageName: node
  linkType: hard

"@polkadot/wasm-util@npm:7.2.2, @polkadot/wasm-util@npm:^7.2.2":
  version: 7.2.2
  resolution: "@polkadot/wasm-util@npm:7.2.2"
  dependencies:
    tslib: ^2.6.1
  peerDependencies:
    "@polkadot/util": "*"
  checksum: b1ad387e5b2726183e1c141ac59f9e6e722d9c1e896dbe0069fb5ce46d30c3517f07b36c840c1d82d23256e111a3697ba3015e53073858e8e05ab3d0cbdbf05e
  languageName: node
  linkType: hard

"@polkadot/x-bigint@npm:12.4.2, @polkadot/x-bigint@npm:^12.3.1":
  version: 12.4.2
  resolution: "@polkadot/x-bigint@npm:12.4.2"
  dependencies:
    "@polkadot/x-global": 12.4.2
    tslib: ^2.6.2
  checksum: 91f38cd7ff4b22dd24d470f26817032ef26edac1591f7bf8c1ff648ab26cd05a968d1f17fe9aba523858af7dba6d40c2f8145a2a2bc33fbb722358bec1ab0a2b
  languageName: node
  linkType: hard

"@polkadot/x-fetch@npm:^12.3.1":
  version: 12.4.2
  resolution: "@polkadot/x-fetch@npm:12.4.2"
  dependencies:
    "@polkadot/x-global": 12.4.2
    node-fetch: ^3.3.2
    tslib: ^2.6.2
  checksum: 7f0a5263172bcb97f837b7efdeceffdc9dd1caeabb058ec718b26d367779aa5f248ebd0373c1eb09850a87b34ae8dadf96237412e7e0b940d750aa4b5b634d9a
  languageName: node
  linkType: hard

"@polkadot/x-global@npm:12.4.2, @polkadot/x-global@npm:^12.3.1":
  version: 12.4.2
  resolution: "@polkadot/x-global@npm:12.4.2"
  dependencies:
    tslib: ^2.6.2
  checksum: 1489013e6ae3dce3c9f31f38f4ef8ca0956a18d35d12354c49cb7b256fef6dcbd3285a0c223509c8ed826b9d85fd8f59708312a010f1b69d5ee92963e38c48ac
  languageName: node
  linkType: hard

"@polkadot/x-randomvalues@npm:12.4.2":
  version: 12.4.2
  resolution: "@polkadot/x-randomvalues@npm:12.4.2"
  dependencies:
    "@polkadot/x-global": 12.4.2
    tslib: ^2.6.2
  peerDependencies:
    "@polkadot/util": 12.4.2
    "@polkadot/wasm-util": "*"
  checksum: 630d6c7c5af493c5d72ebc6262939c0de8cbc252f93b8d4224a9c7006ae2c641a2ad4eeee4f5ba7140609bbc4aaa2841ef29f86e680dfd512a5f68bc616016f4
  languageName: node
  linkType: hard

"@polkadot/x-textdecoder@npm:12.4.2":
  version: 12.4.2
  resolution: "@polkadot/x-textdecoder@npm:12.4.2"
  dependencies:
    "@polkadot/x-global": 12.4.2
    tslib: ^2.6.2
  checksum: e9fe88b35cf355a8ddba3c60f2eeb58a60c58737c6f7272e392cda8d68fa57e508ad293a7551f86d926209acd1fe4e3a73f9d1b4b700dcfb061932fc007db205
  languageName: node
  linkType: hard

"@polkadot/x-textencoder@npm:12.4.2":
  version: 12.4.2
  resolution: "@polkadot/x-textencoder@npm:12.4.2"
  dependencies:
    "@polkadot/x-global": 12.4.2
    tslib: ^2.6.2
  checksum: c6599caa628ac78fd49f21618ad2863fdcae73d31cc98ebc67929f1c7083e6ba5188c48d3ea8604ef57e9f45ce46f4c4c63b1571ed0058f3d78aa30f31075498
  languageName: node
  linkType: hard

"@polkadot/x-ws@npm:^12.3.1":
  version: 12.4.2
  resolution: "@polkadot/x-ws@npm:12.4.2"
  dependencies:
    "@polkadot/x-global": 12.4.2
    tslib: ^2.6.2
    ws: ^8.13.0
  checksum: 28a415d84780cbf2912f7b94c93dc85a7fea75564995cbc97b9a03cc2e1c0c93222f1e99c6d5add78cb1d9971e4605b36e23ae526b22ce3357619de26d9b15a6
  languageName: node
  linkType: hard

"@scure/base@npm:1.1.1":
  version: 1.1.1
  resolution: "@scure/base@npm:1.1.1"
  checksum: b4fc810b492693e7e8d0107313ac74c3646970c198bbe26d7332820886fa4f09441991023ec9aa3a2a51246b74409ab5ebae2e8ef148bbc253da79ac49130309
  languageName: node
  linkType: hard

"@substrate/connect-extension-protocol@npm:^1.0.1":
  version: 1.0.1
  resolution: "@substrate/connect-extension-protocol@npm:1.0.1"
  checksum: 116dee587e81e832e14c25038bd849438c9493c6089aa6c1bf1760780d463880d44d362ed983d57ac3695368ac46f3c9df3dbaed92f36de89626c9735cecd1e4
  languageName: node
  linkType: hard

"@substrate/connect@npm:0.7.26":
  version: 0.7.26
  resolution: "@substrate/connect@npm:0.7.26"
  dependencies:
    "@substrate/connect-extension-protocol": ^1.0.1
    eventemitter3: ^4.0.7
    smoldot: 1.0.4
  checksum: 3179d241f073318d5973deb61c9c8d9b89ae28909a594b6b9fbcdfffd030a70ba58e8428eaa9d72484810bad10c93de1ad9c440b878d0fcfaaf4559d2e6f4502
  languageName: node
  linkType: hard

"@substrate/ss58-registry@npm:^1.43.0":
  version: 1.43.0
  resolution: "@substrate/ss58-registry@npm:1.43.0"
  checksum: b2ecfd7365b946be2db7e2c5fa1f9136ff840bb2b8e6ffac0f48cd83f01a95c8a0fee1bb744255591bfc1f76766cd834182cde8cbd96e7849549d189c5812b3c
  languageName: node
  linkType: hard

"@tsconfig/node10@npm:^1.0.7":
  version: 1.0.9
  resolution: "@tsconfig/node10@npm:1.0.9"
  checksum: a33ae4dc2a621c0678ac8ac4bceb8e512ae75dac65417a2ad9b022d9b5411e863c4c198b6ba9ef659e14b9fb609bbec680841a2e84c1172df7a5ffcf076539df
  languageName: node
  linkType: hard

"@tsconfig/node12@npm:^1.0.7":
  version: 1.0.11
  resolution: "@tsconfig/node12@npm:1.0.11"
  checksum: 5ce29a41b13e7897a58b8e2df11269c5395999e588b9a467386f99d1d26f6c77d1af2719e407621412520ea30517d718d5192a32403b8dfcc163bf33e40a338a
  languageName: node
  linkType: hard

"@tsconfig/node14@npm:^1.0.0":
  version: 1.0.3
  resolution: "@tsconfig/node14@npm:1.0.3"
  checksum: 19275fe80c4c8d0ad0abed6a96dbf00642e88b220b090418609c4376e1cef81bf16237bf170ad1b341452feddb8115d8dd2e5acdfdea1b27422071163dc9ba9d
  languageName: node
  linkType: hard

"@tsconfig/node16@npm:^1.0.2":
  version: 1.0.4
  resolution: "@tsconfig/node16@npm:1.0.4"
  checksum: 202319785901f942a6e1e476b872d421baec20cf09f4b266a1854060efbf78cde16a4d256e8bc949d31e6cd9a90f1e8ef8fb06af96a65e98338a2b6b0de0a0ff
  languageName: node
  linkType: hard

"@types/bn.js@npm:^5.1.1":
  version: 5.1.1
  resolution: "@types/bn.js@npm:5.1.1"
  dependencies:
    "@types/node": "*"
  checksum: e50ed2dd3abe997e047caf90e0352c71e54fc388679735217978b4ceb7e336e51477791b715f49fd77195ac26dd296c7bad08a3be9750e235f9b2e1edb1b51c2
  languageName: node
  linkType: hard

"@types/node@npm:*, @types/node@npm:^20.3.1":
  version: 20.5.7
  resolution: "@types/node@npm:20.5.7"
  checksum: fc284c8e16ddc04569730d58e87eae349eb1c3dd9020cb79a1862d9d9add6f04e7367a236f3252db8db2572f90278e250f4cd43d27d264972b54394eaba1ed76
  languageName: node
  linkType: hard

"acorn-walk@npm:^8.1.1":
  version: 8.2.0
  resolution: "acorn-walk@npm:8.2.0"
  checksum: 1715e76c01dd7b2d4ca472f9c58968516a4899378a63ad5b6c2d668bba8da21a71976c14ec5f5b75f887b6317c4ae0b897ab141c831d741dc76024d8745f1ad1
  languageName: node
  linkType: hard

"acorn@npm:^8.4.1":
  version: 8.10.0
  resolution: "acorn@npm:8.10.0"
  bin:
    acorn: bin/acorn
  checksum: 538ba38af0cc9e5ef983aee196c4b8b4d87c0c94532334fa7e065b2c8a1f85863467bb774231aae91613fcda5e68740c15d97b1967ae3394d20faddddd8af61d
  languageName: node
  linkType: hard

"ansi-regex@npm:^5.0.1":
  version: 5.0.1
  resolution: "ansi-regex@npm:5.0.1"
  checksum: 2aa4bb54caf2d622f1afdad09441695af2a83aa3fe8b8afa581d205e57ed4261c183c4d3877cee25794443fde5876417d859c108078ab788d6af7e4fe52eb66b
  languageName: node
  linkType: hard

"ansi-styles@npm:^4.0.0":
  version: 4.3.0
  resolution: "ansi-styles@npm:4.3.0"
  dependencies:
    color-convert: ^2.0.1
  checksum: 513b44c3b2105dd14cc42a19271e80f386466c4be574bccf60b627432f9198571ebf4ab1e4c3ba17347658f4ee1711c163d574248c0c1cdc2d5917a0ad582ec4
  languageName: node
  linkType: hard

"arg@npm:^4.1.0":
  version: 4.1.3
  resolution: "arg@npm:4.1.3"
  checksum: 544af8dd3f60546d3e4aff084d451b96961d2267d668670199692f8d054f0415d86fc5497d0e641e91546f0aa920e7c29e5250e99fc89f5552a34b5d93b77f43
  languageName: node
  linkType: hard

"bn.js@npm:^5.2.1":
  version: 5.2.1
  resolution: "bn.js@npm:5.2.1"
  checksum: 3dd8c8d38055fedfa95c1d5fc3c99f8dd547b36287b37768db0abab3c239711f88ff58d18d155dd8ad902b0b0cee973747b7ae20ea12a09473272b0201c9edd3
  languageName: node
  linkType: hard

"cliui@npm:^8.0.1":
  version: 8.0.1
  resolution: "cliui@npm:8.0.1"
  dependencies:
    string-width: ^4.2.0
    strip-ansi: ^6.0.1
    wrap-ansi: ^7.0.0
  checksum: 79648b3b0045f2e285b76fb2e24e207c6db44323581e421c3acbd0e86454cba1b37aea976ab50195a49e7384b871e6dfb2247ad7dec53c02454ac6497394cb56
  languageName: node
  linkType: hard

"color-convert@npm:^2.0.1":
  version: 2.0.1
  resolution: "color-convert@npm:2.0.1"
  dependencies:
    color-name: ~1.1.4
  checksum: 79e6bdb9fd479a205c71d89574fccfb22bd9053bd98c6c4d870d65c132e5e904e6034978e55b43d69fcaa7433af2016ee203ce76eeba9cfa554b373e7f7db336
  languageName: node
  linkType: hard

"color-name@npm:~1.1.4":
  version: 1.1.4
  resolution: "color-name@npm:1.1.4"
  checksum: b0445859521eb4021cd0fb0cc1a75cecf67fceecae89b63f62b201cca8d345baf8b952c966862a9d9a2632987d4f6581f0ec8d957dfacece86f0a7919316f610
  languageName: node
  linkType: hard

"create-require@npm:^1.1.0":
  version: 1.1.1
  resolution: "create-require@npm:1.1.1"
  checksum: a9a1503d4390d8b59ad86f4607de7870b39cad43d929813599a23714831e81c520bddf61bcdd1f8e30f05fd3a2b71ae8538e946eb2786dc65c2bbc520f692eff
  languageName: node
  linkType: hard

"data-uri-to-buffer@npm:^4.0.0":
  version: 4.0.1
  resolution: "data-uri-to-buffer@npm:4.0.1"
  checksum: 0d0790b67ffec5302f204c2ccca4494f70b4e2d940fea3d36b09f0bb2b8539c2e86690429eb1f1dc4bcc9e4df0644193073e63d9ee48ac9fce79ec1506e4aa4c
  languageName: node
  linkType: hard

"debug@npm:^4.1.0":
  version: 4.3.4
  resolution: "debug@npm:4.3.4"
  dependencies:
    ms: 2.1.2
  peerDependenciesMeta:
    supports-color:
      optional: true
  checksum: 3dbad3f94ea64f34431a9cbf0bafb61853eda57bff2880036153438f50fb5a84f27683ba0d8e5426bf41a8c6ff03879488120cf5b3a761e77953169c0600a708
  languageName: node
  linkType: hard

"diff@npm:^4.0.1":
  version: 4.0.2
  resolution: "diff@npm:4.0.2"
  checksum: f2c09b0ce4e6b301c221addd83bf3f454c0bc00caa3dd837cf6c127d6edf7223aa2bbe3b688feea110b7f262adbfc845b757c44c8a9f8c0c5b15d8fa9ce9d20d
  languageName: node
  linkType: hard

"emoji-regex@npm:^8.0.0":
  version: 8.0.0
  resolution: "emoji-regex@npm:8.0.0"
  checksum: d4c5c39d5a9868b5fa152f00cada8a936868fd3367f33f71be515ecee4c803132d11b31a6222b2571b1e5f7e13890156a94880345594d0ce7e3c9895f560f192
  languageName: node
  linkType: hard

"escalade@npm:^3.1.1":
  version: 3.1.1
  resolution: "escalade@npm:3.1.1"
  checksum: a3e2a99f07acb74b3ad4989c48ca0c3140f69f923e56d0cba0526240ee470b91010f9d39001f2a4a313841d237ede70a729e92125191ba5d21e74b106800b133
  languageName: node
  linkType: hard

"eventemitter3@npm:^4.0.7":
  version: 4.0.7
  resolution: "eventemitter3@npm:4.0.7"
  checksum: 1875311c42fcfe9c707b2712c32664a245629b42bb0a5a84439762dd0fd637fc54d078155ea83c2af9e0323c9ac13687e03cfba79b03af9f40c89b4960099374
  languageName: node
  linkType: hard

"eventemitter3@npm:^5.0.1":
  version: 5.0.1
  resolution: "eventemitter3@npm:5.0.1"
  checksum: 543d6c858ab699303c3c32e0f0f47fc64d360bf73c3daf0ac0b5079710e340d6fe9f15487f94e66c629f5f82cd1a8678d692f3dbb6f6fcd1190e1b97fcad36f8
  languageName: node
  linkType: hard

"fetch-blob@npm:^3.1.2, fetch-blob@npm:^3.1.4":
  version: 3.2.0
  resolution: "fetch-blob@npm:3.2.0"
  dependencies:
    node-domexception: ^1.0.0
    web-streams-polyfill: ^3.0.3
  checksum: f19bc28a2a0b9626e69fd7cf3a05798706db7f6c7548da657cbf5026a570945f5eeaedff52007ea35c8bcd3d237c58a20bf1543bc568ab2422411d762dd3d5bf
  languageName: node
  linkType: hard

"formdata-polyfill@npm:^4.0.10":
  version: 4.0.10
  resolution: "formdata-polyfill@npm:4.0.10"
  dependencies:
    fetch-blob: ^3.1.2
  checksum: 82a34df292afadd82b43d4a740ce387bc08541e0a534358425193017bf9fb3567875dc5f69564984b1da979979b70703aa73dee715a17b6c229752ae736dd9db
  languageName: node
  linkType: hard

"get-caller-file@npm:^2.0.5":
  version: 2.0.5
  resolution: "get-caller-file@npm:2.0.5"
  checksum: b9769a836d2a98c3ee734a88ba712e62703f1df31b94b784762c433c27a386dd6029ff55c2a920c392e33657d80191edbf18c61487e198844844516f843496b9
  languageName: node
  linkType: hard

"handlebars@npm:^4.7.7":
  version: 4.7.8
  resolution: "handlebars@npm:4.7.8"
  dependencies:
    minimist: ^1.2.5
    neo-async: ^2.6.2
    source-map: ^0.6.1
    uglify-js: ^3.1.4
    wordwrap: ^1.0.0
  dependenciesMeta:
    uglify-js:
      optional: true
  bin:
    handlebars: bin/handlebars
  checksum: 00e68bb5c183fd7b8b63322e6234b5ac8fbb960d712cb3f25587d559c2951d9642df83c04a1172c918c41bcfc81bfbd7a7718bbce93b893e0135fc99edea93ff
  languageName: node
  linkType: hard

"is-fullwidth-code-point@npm:^3.0.0":
  version: 3.0.0
  resolution: "is-fullwidth-code-point@npm:3.0.0"
  checksum: 44a30c29457c7fb8f00297bce733f0a64cd22eca270f83e58c105e0d015e45c019491a4ab2faef91ab51d4738c670daff901c799f6a700e27f7314029e99e348
  languageName: node
  linkType: hard

"json-stringify-safe@npm:^5.0.1":
  version: 5.0.1
  resolution: "json-stringify-safe@npm:5.0.1"
  checksum: 48ec0adad5280b8a96bb93f4563aa1667fd7a36334f79149abd42446d0989f2ddc58274b479f4819f1f00617957e6344c886c55d05a4e15ebb4ab931e4a6a8ee
  languageName: node
  linkType: hard

"lodash@npm:^4.17.21":
  version: 4.17.21
  resolution: "lodash@npm:4.17.21"
  checksum: eb835a2e51d381e561e508ce932ea50a8e5a68f4ebdd771ea240d3048244a8d13658acbd502cd4829768c56f2e16bdd4340b9ea141297d472517b83868e677f7
  languageName: node
  linkType: hard

"make-error@npm:^1.1.1":
  version: 1.3.6
  resolution: "make-error@npm:1.3.6"
  checksum: b86e5e0e25f7f777b77fabd8e2cbf15737972869d852a22b7e73c17623928fccb826d8e46b9951501d3f20e51ad74ba8c59ed584f610526a48f8ccf88aaec402
  languageName: node
  linkType: hard

"minimist@npm:^1.2.5":
  version: 1.2.8
  resolution: "minimist@npm:1.2.8"
  checksum: 75a6d645fb122dad29c06a7597bddea977258957ed88d7a6df59b5cd3fe4a527e253e9bbf2e783e4b73657f9098b96a5fe96ab8a113655d4109108577ecf85b0
  languageName: node
  linkType: hard

"mock-socket@npm:^9.2.1":
  version: 9.2.1
  resolution: "mock-socket@npm:9.2.1"
  checksum: daf07689563163dbcefbefe23b2a9784a75d0af31706f23ad535c6ab2abbcdefa2e91acddeb50a3c39009139e47a8f909cbb38e8137452193ccb9331637fee3e
  languageName: node
  linkType: hard

"ms@npm:2.1.2":
  version: 2.1.2
  resolution: "ms@npm:2.1.2"
  checksum: 673cdb2c3133eb050c745908d8ce632ed2c02d85640e2edb3ace856a2266a813b30c613569bf3354fdf4ea7d1a1494add3bfa95e2713baa27d0c2c71fc44f58f
  languageName: node
  linkType: hard

"neo-async@npm:^2.6.2":
  version: 2.6.2
  resolution: "neo-async@npm:2.6.2"
  checksum: deac9f8d00eda7b2e5cd1b2549e26e10a0faa70adaa6fdadca701cc55f49ee9018e427f424bac0c790b7c7e2d3068db97f3093f1093975f2acb8f8818b936ed9
  languageName: node
  linkType: hard

"nock@npm:^13.3.1":
  version: 13.3.3
  resolution: "nock@npm:13.3.3"
  dependencies:
    debug: ^4.1.0
    json-stringify-safe: ^5.0.1
    lodash: ^4.17.21
    propagate: ^2.0.0
  checksum: e3e4f0fb777ac63d74f89bbb7aebe8e815b891b64ac71983d91686f725fdab856fe189cf2fe23d4add9f5dd5da53f3568106a61116a771ce0f4ed0f5ad7b035b
  languageName: node
  linkType: hard

"node-domexception@npm:^1.0.0":
  version: 1.0.0
  resolution: "node-domexception@npm:1.0.0"
  checksum: ee1d37dd2a4eb26a8a92cd6b64dfc29caec72bff5e1ed9aba80c294f57a31ba4895a60fd48347cf17dd6e766da0ae87d75657dfd1f384ebfa60462c2283f5c7f
  languageName: node
  linkType: hard

"node-fetch@npm:^3.3.2":
  version: 3.3.2
  resolution: "node-fetch@npm:3.3.2"
  dependencies:
    data-uri-to-buffer: ^4.0.0
    fetch-blob: ^3.1.4
    formdata-polyfill: ^4.0.10
  checksum: 06a04095a2ddf05b0830a0d5302699704d59bda3102894ea64c7b9d4c865ecdff2d90fd042df7f5bc40337266961cb6183dcc808ea4f3000d024f422b462da92
  languageName: node
  linkType: hard

"pako@npm:^2.0.4":
  version: 2.1.0
  resolution: "pako@npm:2.1.0"
  checksum: 71666548644c9a4d056bcaba849ca6fd7242c6cf1af0646d3346f3079a1c7f4a66ffec6f7369ee0dc88f61926c10d6ab05da3e1fca44b83551839e89edd75a3e
  languageName: node
  linkType: hard

"parachain-api@workspace:parachain-api":
  version: 0.0.0-use.local
  resolution: "parachain-api@workspace:parachain-api"
  dependencies:
    "@polkadot/api": ^10.9.1
    "@polkadot/typegen": ^10.9.1
    "@types/node": ^20.3.1
    prettier: 2.8.1
    ts-node: ^10.9.1
    typescript: ^5.0.4
  languageName: unknown
  linkType: soft

"prettier@npm:2.8.1":
  version: 2.8.1
  resolution: "prettier@npm:2.8.1"
  bin:
    prettier: bin-prettier.js
  checksum: 4f21a0f1269f76fb36f54e9a8a1ea4c11e27478958bf860661fb4b6d7ac69aac1581f8724fa98ea3585e56d42a2ea317a17ff6e3324f40cb11ff9e20b73785cc
  languageName: node
  linkType: hard

"propagate@npm:^2.0.0":
  version: 2.0.1
  resolution: "propagate@npm:2.0.1"
  checksum: c4febaee2be0979e82fb6b3727878fd122a98d64a7fa3c9d09b0576751b88514a9e9275b1b92e76b364d488f508e223bd7e1dcdc616be4cdda876072fbc2a96c
  languageName: node
  linkType: hard

"require-directory@npm:^2.1.1":
  version: 2.1.1
  resolution: "require-directory@npm:2.1.1"
  checksum: fb47e70bf0001fdeabdc0429d431863e9475e7e43ea5f94ad86503d918423c1543361cc5166d713eaa7029dd7a3d34775af04764bebff99ef413111a5af18c80
  languageName: node
  linkType: hard

"root-workspace-0b6124@workspace:.":
  version: 0.0.0-use.local
  resolution: "root-workspace-0b6124@workspace:."
  languageName: unknown
  linkType: soft

"rxjs@npm:^7.8.1":
  version: 7.8.1
  resolution: "rxjs@npm:7.8.1"
  dependencies:
    tslib: ^2.1.0
  checksum: de4b53db1063e618ec2eca0f7965d9137cabe98cf6be9272efe6c86b47c17b987383df8574861bcced18ebd590764125a901d5506082be84a8b8e364bf05f119
  languageName: node
  linkType: hard

"sidechain-api@workspace:sidechain-api":
  version: 0.0.0-use.local
  resolution: "sidechain-api@workspace:sidechain-api"
  dependencies:
    "@polkadot/api": ^10.9.1
    "@polkadot/typegen": ^10.9.1
    "@types/node": ^20.3.1
    prettier: 2.8.1
    ts-node: ^10.9.1
    typescript: ^5.0.4
  languageName: unknown
  linkType: soft

"smoldot@npm:1.0.4":
  version: 1.0.4
  resolution: "smoldot@npm:1.0.4"
  dependencies:
    pako: ^2.0.4
    ws: ^8.8.1
  checksum: 81ecc38b98f7ac4dd093753e85956262608dca3c8a288c20a25fe1762a6afcdbe6f3622ea30a346df3f4145e0900ef0595e56e96e9e0de83c59f0649d1ab4786
  languageName: node
  linkType: hard

"source-map@npm:^0.6.1":
  version: 0.6.1
  resolution: "source-map@npm:0.6.1"
  checksum: 59ce8640cf3f3124f64ac289012c2b8bd377c238e316fb323ea22fbfe83da07d81e000071d7242cad7a23cd91c7de98e4df8830ec3f133cb6133a5f6e9f67bc2
  languageName: node
  linkType: hard

"string-width@npm:^4.1.0, string-width@npm:^4.2.0, string-width@npm:^4.2.3":
  version: 4.2.3
  resolution: "string-width@npm:4.2.3"
  dependencies:
    emoji-regex: ^8.0.0
    is-fullwidth-code-point: ^3.0.0
    strip-ansi: ^6.0.1
  checksum: e52c10dc3fbfcd6c3a15f159f54a90024241d0f149cf8aed2982a2d801d2e64df0bf1dc351cf8e95c3319323f9f220c16e740b06faecd53e2462df1d2b5443fb
  languageName: node
  linkType: hard

"strip-ansi@npm:^6.0.0, strip-ansi@npm:^6.0.1":
  version: 6.0.1
  resolution: "strip-ansi@npm:6.0.1"
  dependencies:
    ansi-regex: ^5.0.1
  checksum: f3cd25890aef3ba6e1a74e20896c21a46f482e93df4a06567cebf2b57edabb15133f1f94e57434e0a958d61186087b1008e89c94875d019910a213181a14fc8c
  languageName: node
  linkType: hard

"ts-node@npm:^10.9.1":
  version: 10.9.1
  resolution: "ts-node@npm:10.9.1"
  dependencies:
    "@cspotcode/source-map-support": ^0.8.0
    "@tsconfig/node10": ^1.0.7
    "@tsconfig/node12": ^1.0.7
    "@tsconfig/node14": ^1.0.0
    "@tsconfig/node16": ^1.0.2
    acorn: ^8.4.1
    acorn-walk: ^8.1.1
    arg: ^4.1.0
    create-require: ^1.1.0
    diff: ^4.0.1
    make-error: ^1.1.1
    v8-compile-cache-lib: ^3.0.1
    yn: 3.1.1
  peerDependencies:
    "@swc/core": ">=1.2.50"
    "@swc/wasm": ">=1.2.50"
    "@types/node": "*"
    typescript: ">=2.7"
  peerDependenciesMeta:
    "@swc/core":
      optional: true
    "@swc/wasm":
      optional: true
  bin:
    ts-node: dist/bin.js
    ts-node-cwd: dist/bin-cwd.js
    ts-node-esm: dist/bin-esm.js
    ts-node-script: dist/bin-script.js
    ts-node-transpile-only: dist/bin-transpile.js
    ts-script: dist/bin-script-deprecated.js
  checksum: 090adff1302ab20bd3486e6b4799e90f97726ed39e02b39e566f8ab674fd5bd5f727f43615debbfc580d33c6d9d1c6b1b3ce7d8e3cca3e20530a145ffa232c35
  languageName: node
  linkType: hard

"tslib@npm:^2.1.0, tslib@npm:^2.5.3, tslib@npm:^2.6.1, tslib@npm:^2.6.2":
  version: 2.6.2
  resolution: "tslib@npm:2.6.2"
  checksum: 329ea56123005922f39642318e3d1f0f8265d1e7fcb92c633e0809521da75eeaca28d2cf96d7248229deb40e5c19adf408259f4b9640afd20d13aecc1430f3ad
  languageName: node
  linkType: hard

"typescript@npm:^5.0.4":
  version: 5.2.2
  resolution: "typescript@npm:5.2.2"
  bin:
    tsc: bin/tsc
    tsserver: bin/tsserver
  checksum: 7912821dac4d962d315c36800fe387cdc0a6298dba7ec171b350b4a6e988b51d7b8f051317786db1094bd7431d526b648aba7da8236607febb26cf5b871d2d3c
  languageName: node
  linkType: hard

"typescript@patch:typescript@^5.0.4#~builtin<compat/typescript>":
  version: 5.2.2
  resolution: "typescript@patch:typescript@npm%3A5.2.2#~builtin<compat/typescript>::version=5.2.2&hash=14eedb"
  bin:
    tsc: bin/tsc
    tsserver: bin/tsserver
  checksum: 07106822b4305de3f22835cbba949a2b35451cad50888759b6818421290ff95d522b38ef7919e70fb381c5fe9c1c643d7dea22c8b31652a717ddbd57b7f4d554
  languageName: node
  linkType: hard

"uglify-js@npm:^3.1.4":
  version: 3.17.4
  resolution: "uglify-js@npm:3.17.4"
  bin:
    uglifyjs: bin/uglifyjs
  checksum: 7b3897df38b6fc7d7d9f4dcd658599d81aa2b1fb0d074829dd4e5290f7318dbca1f4af2f45acb833b95b1fe0ed4698662ab61b87e94328eb4c0a0d3435baf924
  languageName: node
  linkType: hard

"v8-compile-cache-lib@npm:^3.0.1":
  version: 3.0.1
  resolution: "v8-compile-cache-lib@npm:3.0.1"
  checksum: 78089ad549e21bcdbfca10c08850022b22024cdcc2da9b168bcf5a73a6ed7bf01a9cebb9eac28e03cd23a684d81e0502797e88f3ccd27a32aeab1cfc44c39da0
  languageName: node
  linkType: hard

"web-streams-polyfill@npm:^3.0.3":
  version: 3.2.1
  resolution: "web-streams-polyfill@npm:3.2.1"
  checksum: b119c78574b6d65935e35098c2afdcd752b84268e18746606af149e3c424e15621b6f1ff0b42b2676dc012fc4f0d313f964b41a4b5031e525faa03997457da02
  languageName: node
  linkType: hard

"wordwrap@npm:^1.0.0":
  version: 1.0.0
  resolution: "wordwrap@npm:1.0.0"
  checksum: 2a44b2788165d0a3de71fd517d4880a8e20ea3a82c080ce46e294f0b68b69a2e49cff5f99c600e275c698a90d12c5ea32aff06c311f0db2eb3f1201f3e7b2a04
  languageName: node
  linkType: hard

"wrap-ansi@npm:^7.0.0":
  version: 7.0.0
  resolution: "wrap-ansi@npm:7.0.0"
  dependencies:
    ansi-styles: ^4.0.0
    string-width: ^4.1.0
    strip-ansi: ^6.0.0
  checksum: a790b846fd4505de962ba728a21aaeda189b8ee1c7568ca5e817d85930e06ef8d1689d49dbf0e881e8ef84436af3a88bc49115c2e2788d841ff1b8b5b51a608b
  languageName: node
  linkType: hard

"ws@npm:^8.13.0, ws@npm:^8.8.1":
  version: 8.13.0
  resolution: "ws@npm:8.13.0"
  peerDependencies:
    bufferutil: ^4.0.1
    utf-8-validate: ">=5.0.2"
  peerDependenciesMeta:
    bufferutil:
      optional: true
    utf-8-validate:
      optional: true
  checksum: 53e991bbf928faf5dc6efac9b8eb9ab6497c69feeb94f963d648b7a3530a720b19ec2e0ec037344257e05a4f35bd9ad04d9de6f289615ffb133282031b18c61c
  languageName: node
  linkType: hard

"y18n@npm:^5.0.5":
  version: 5.0.8
  resolution: "y18n@npm:5.0.8"
  checksum: 54f0fb95621ee60898a38c572c515659e51cc9d9f787fb109cef6fde4befbe1c4602dc999d30110feee37456ad0f1660fa2edcfde6a9a740f86a290999550d30
  languageName: node
  linkType: hard

"yargs-parser@npm:^21.1.1":
  version: 21.1.1
  resolution: "yargs-parser@npm:21.1.1"
  checksum: ed2d96a616a9e3e1cc7d204c62ecc61f7aaab633dcbfab2c6df50f7f87b393993fe6640d017759fe112d0cb1e0119f2b4150a87305cc873fd90831c6a58ccf1c
  languageName: node
  linkType: hard

"yargs@npm:^17.7.2":
  version: 17.7.2
  resolution: "yargs@npm:17.7.2"
  dependencies:
    cliui: ^8.0.1
    escalade: ^3.1.1
    get-caller-file: ^2.0.5
    require-directory: ^2.1.1
    string-width: ^4.2.3
    y18n: ^5.0.5
    yargs-parser: ^21.1.1
  checksum: 73b572e863aa4a8cbef323dd911d79d193b772defd5a51aab0aca2d446655216f5002c42c5306033968193bdbf892a7a4c110b0d77954a7fdf563e653967b56a
  languageName: node
  linkType: hard

"yn@npm:3.1.1":
  version: 3.1.1
  resolution: "yn@npm:3.1.1"
  checksum: 2c487b0e149e746ef48cda9f8bad10fc83693cd69d7f9dcd8be4214e985de33a29c9e24f3c0d6bcf2288427040a8947406ab27f7af67ee9456e6b84854f02dd6
  languageName: node
  linkType: hard
